
Microsoft Visual Studio Solution File, Format Version 12.00
# Visual Studio Version 17
VisualStudioVersion = 17.7.34202.233
MinimumVisualStudioVersion = 10.0.40219.1
Project("{FAE04EC0-301F-11D3-BF4B-00C04F79EFBC}") = "TranskriptProjesi", "TranskriptProjesi\TranskriptProjesi.csproj", "{6085FDA8-B860-40C7-8EB8-BBF9D0FE6460}"
EndProject
Global
	GlobalSection(SolutionConfigurationPlatforms) = preSolution
		Debug|Any CPU = Debug|Any CPU
		Release|Any CPU = Release|Any CPU
	EndGlobalSection
	GlobalSection(ProjectConfigurationPlatforms) = postSolution
		{6085FDA8-B860-40C7-8EB8-BBF9D0FE6460}.Debug|Any CPU.ActiveCfg = Debug|Any CPU
		{6085FDA8-B860-40C7-8EB8-BBF9D0FE6460}.Debug|Any CPU.Build.0 = Debug|Any CPU
		{6085FDA8-B860-40C7-8EB8-BBF9D0FE6460}.Release|Any CPU.ActiveCfg = Release|Any CPU
		{6085FDA8-B860-40C7-8EB8-BBF9D0FE6460}.Release|Any CPU.Build.0 = Release|Any CPU
	EndGlobalSection
	GlobalSection(SolutionProperties) = preSolution
		HideSolutionNode = FALSE
	EndGlobalSection
	GlobalSection(ExtensibilityGlobals) = postSolution
		SolutionGuid = {D29FBAAC-E09A-49AC-A9A0-723806EA4587}
	EndGlobalSection
EndGlobal
